
Microsoft Visual Studio Solution File, Format Version 12.00
# Visual Studio 15
VisualStudioVersion = 15.0.28010.2041
MinimumVisualStudioVersion = 10.0.40219.1
Project("{FAE04EC0-301F-11D3-BF4B-00C04F79EFBC}") = "Aula4_ex2", "Aula4_ex2\Aula4_ex2.csproj", "{0F94E20E-0762-4C61-BE4C-50E607C4DD9A}"
EndProject
Global
	GlobalSection(SolutionConfigurationPlatforms) = preSolution
		Debug|Any CPU = Debug|Any CPU
		Release|Any CPU = Release|Any CPU
	EndGlobalSection
	GlobalSection(ProjectConfigurationPlatforms) = postSolution
		{0F94E20E-0762-4C61-BE4C-50E607C4DD9A}.Debug|Any CPU.ActiveCfg = Debug|Any CPU
		{0F94E20E-0762-4C61-BE4C-50E607C4DD9A}.Debug|Any CPU.Build.0 = Debug|Any CPU
		{0F94E20E-0762-4C61-BE4C-50E607C4DD9A}.Release|Any CPU.ActiveCfg = Release|Any CPU
		{0F94E20E-0762-4C61-BE4C-50E607C4DD9A}.Release|Any CPU.Build.0 = Release|Any CPU
	EndGlobalSection
	GlobalSection(SolutionProperties) = preSolution
		HideSolutionNode = FALSE
	EndGlobalSection
	GlobalSection(ExtensibilityGlobals) = postSolution
		SolutionGuid = {75BDE92A-BEC2-4E99-8745-17C8FA3CE0E4}
	EndGlobalSection
EndGlobal
